// !$*UTF8*$!
{
	archiveVersion = 1;
	classes = {
	};
	objectVersion = 56;
	objects = {

/* Begin PBXBuildFile section */
		DE57786E2A7B5A7000D052B5 /* AppDelegate.swift in Sources */ = {isa = PBXBuildFile; fileRef = DE57786D2A7B5A7000D052B5 /* AppDelegate.swift */; };
		DE5778702A7B5A7000D052B5 /* SceneDelegate.swift in Sources */ = {isa = PBXBuildFile; fileRef = DE57786F2A7B5A7000D052B5 /* SceneDelegate.swift */; };
		DE5778722A7B5A7000D052B5 /* ViewController.swift in Sources */ = {isa = PBXBuildFile; fileRef = DE5778712A7B5A7000D052B5 /* ViewController.swift */; };
		DE5778752A7B5A7000D052B5 /* Main.storyboard in Resources */ = {isa = PBXBuildFile; fileRef = DE5778732A7B5A7000D052B5 /* Main.storyboard */; };
		DE5778782A7B5A7000D052B5 /* TapOnTheNum.xcdatamodeld in Sources */ = {isa = PBXBuildFile; fileRef = DE5778762A7B5A7000D052B5 /* TapOnTheNum.xcdatamodeld */; };
		DE57787A2A7B5A7100D052B5 /* Assets.xcassets in Resources */ = {isa = PBXBuildFile; fileRef = DE5778792A7B5A7100D052B5 /* Assets.xcassets */; };
		DE57787D2A7B5A7100D052B5 /* LaunchScreen.storyboard in Resources */ = {isa = PBXBuildFile; fileRef = DE57787B2A7B5A7100D052B5 /* LaunchScreen.storyboard */; };
		DE5778882A7B5A7100D052B5 /* TapOnTheNumTests.swift in Sources */ = {isa = PBXBuildFile; fileRef = DE5778872A7B5A7100D052B5 /* TapOnTheNumTests.swift */; };
		DE5778922A7B5A7100D052B5 /* TapOnTheNumUITests.swift in Sources */ = {isa = PBXBuildFile; fileRef = DE5778912A7B5A7100D052B5 /* TapOnTheNumUITests.swift */; };
		DE5778942A7B5A7100D052B5 /* TapOnTheNumUITestsLaunchTests.swift in Sources */ = {isa = PBXBuildFile; fileRef = DE5778932A7B5A7100D052B5 /* TapOnTheNumUITestsLaunchTests.swift */; };
		DE5778A72A7B5A9200D052B5 /* Cattegary.swift in Sources */ = {isa = PBXBuildFile; fileRef = DE5778A02A7B5A9100D052B5 /* Cattegary.swift */; };
		DE5778A82A7B5A9200D052B5 /* Last_Page.swift in Sources */ = {isa = PBXBuildFile; fileRef = DE5778A12A7B5A9100D052B5 /* Last_Page.swift */; };
		DE5778A92A7B5A9200D052B5 /* MyCollectionViewCell.swift in Sources */ = {isa = PBXBuildFile; fileRef = DE5778A22A7B5A9100D052B5 /* MyCollectionViewCell.swift */; };
		DE5778AA2A7B5A9200D052B5 /* CollectionViewCell.swift in Sources */ = {isa = PBXBuildFile; fileRef = DE5778A32A7B5A9100D052B5 /* CollectionViewCell.swift */; };
		DE5778AB2A7B5A9200D052B5 /* GamePage.swift in Sources */ = {isa = PBXBuildFile; fileRef = DE5778A42A7B5A9100D052B5 /* GamePage.swift */; };
		DE5778AC2A7B5A9200D052B5 /* myCollectionReusableView.swift in Sources */ = {isa = PBXBuildFile; fileRef = DE5778A52A7B5A9100D052B5 /* myCollectionReusableView.swift */; };
		DE5778AD2A7B5A9200D052B5 /* CollectionViewCell.xib in Resources */ = {isa = PBXBuildFile; fileRef = DE5778A62A7B5A9200D052B5 /* CollectionViewCell.xib */; };
/* End PBXBuildFile section */

/* Begin PBXContainerItemProxy section */
		DE5778842A7B5A7100D052B5 /* PBXContainerItemProxy */ = {
			isa = PBXContainerItemProxy;
			containerPortal = DE5778622A7B5A7000D052B5 /* Project object */;
			proxyType = 1;
			remoteGlobalIDString = DE5778692A7B5A7000D052B5;
			remoteInfo = TapOnTheNum;
		};
		DE57788E2A7B5A7100D052B5 /* PBXContainerItemProxy */ = {
			isa = PBXContainerItemProxy;
			containerPortal = DE5778622A7B5A7000D052B5 /* Project object */;
			proxyType = 1;
			remoteGlobalIDString = DE5778692A7B5A7000D052B5;
			remoteInfo = TapOnTheNum;
		};
/* End PBXContainerItemProxy section */

/* Begin PBXFileReference section */
		DE57786A2A7B5A7000D052B5 /* TapOnTheNum.app */ = {isa = PBXFileReference; explicitFileType = wrapper.application; includeInIndex = 0; path = TapOnTheNum.app; sourceTree = BUILT_PRODUCTS_DIR; };
		DE57786D2A7B5A7000D052B5 /* AppDelegate.swift */ = {isa = PBXFileReference; lastKnownFileType = sourcecode.swift; path = AppDelegate.swift; sourceTree = "<group>"; };
		DE57786F2A7B5A7000D052B5 /* SceneDelegate.swift */ = {isa = PBXFileReference; lastKnownFileType = sourcecode.swift; path = SceneDelegate.swift; sourceTree = "<group>"; };
		DE5778712A7B5A7000D052B5 /* ViewController.swift */ = {isa = PBXFileReference; lastKnownFileType = sourcecode.swift; path = ViewController.swift; sourceTree = "<group>"; };
		DE5778742A7B5A7000D052B5 /* Base */ = {isa = PBXFileReference; lastKnownFileType = file.storyboard; name = Base; path = Base.lproj/Main.storyboard; sourceTree = "<group>"; };
		DE5778772A7B5A7000D052B5 /* TapOnTheNum.xcdatamodel */ = {isa = PBXFileReference; lastKnownFileType = wrapper.xcdatamodel; path = TapOnTheNum.xcdatamodel; sourceTree = "<group>"; };
		DE5778792A7B5A7100D052B5 /* Assets.xcassets */ = {isa = PBXFileReference; lastKnownFileType = folder.assetcatalog; path = Assets.xcassets; sourceTree = "<group>"; };
		DE57787C2A7B5A7100D052B5 /* Base */ = {isa = PBXFileReference; lastKnownFileType = file.storyboard; name = Base; path = Base.lproj/LaunchScreen.storyboard; sourceTree = "<group>"; };
		DE57787E2A7B5A7100D052B5 /* Info.plist */ = {isa = PBXFileReference; lastKnownFileType = text.plist.xml; path = Info.plist; sourceTree = "<group>"; };
		DE5778832A7B5A7100D052B5 /* TapOnTheNumTests.xctest */ = {isa = PBXFileReference; explicitFileType = wrapper.cfbundle; includeInIndex = 0; path = TapOnTheNumTests.xctest; sourceTree = BUILT_PRODUCTS_DIR; };
		DE5778872A7B5A7100D052B5 /* TapOnTheNumTests.swift */ = {isa = PBXFileReference; lastKnownFileType = sourcecode.swift; path = TapOnTheNumTests.swift; sourceTree = "<group>"; };
		DE57788D2A7B5A7100D052B5 /* TapOnTheNumUITests.xctest */ = {isa = PBXFileReference; explicitFileType = wrapper.cfbundle; includeInIndex = 0; path = TapOnTheNumUITests.xctest; sourceTree = BUILT_PRODUCTS_DIR; };
		DE5778912A7B5A7100D052B5 /* TapOnTheNumUITests.swift */ = {isa = PBXFileReference; lastKnownFileType = sourcecode.swift; path = TapOnTheNumUITests.swift; sourceTree = "<group>"; };
		DE5778932A7B5A7100D052B5 /* TapOnTheNumUITestsLaunchTests.swift */ = {isa = PBXFileReference; lastKnownFileType = sourcecode.swift; path = TapOnTheNumUITestsLaunchTests.swift; sourceTree = "<group>"; };
		DE5778A02A7B5A9100D052B5 /* Cattegary.swift */ = {isa = PBXFileReference; fileEncoding = 4; lastKnownFileType = sourcecode.swift; path = Cattegary.swift; sourceTree = "<group>"; };
		DE5778A12A7B5A9100D052B5 /* Last_Page.swift */ = {isa = PBXFileReference; fileEncoding = 4; lastKnownFileType = sourcecode.swift; path = Last_Page.swift; sourceTree = "<group>"; };
		DE5778A22A7B5A9100D052B5 /* MyCollectionViewCell.swift */ = {isa = PBXFileReference; fileEncoding = 4; lastKnownFileType = sourcecode.swift; path = MyCollectionViewCell.swift; sourceTree = "<group>"; };
		DE5778A32A7B5A9100D052B5 /* CollectionViewCell.swift */ = {isa = PBXFileReference; fileEncoding = 4; lastKnownFileType = sourcecode.swift; path = CollectionViewCell.swift; sourceTree = "<group>"; };
		DE5778A42A7B5A9100D052B5 /* GamePage.swift */ = {isa = PBXFileReference; fileEncoding = 4; lastKnownFileType = sourcecode.swift; path = GamePage.swift; sourceTree = "<group>"; };
		DE5778A52A7B5A9100D052B5 /* myCollectionReusableView.swift */ = {isa = PBXFileReference; fileEncoding = 4; lastKnownFileType = sourcecode.swift; path = myCollectionReusableView.swift; sourceTree = "<group>"; };
		DE5778A62A7B5A9200D052B5 /* CollectionViewCell.xib */ = {isa = PBXFileReference; fileEncoding = 4; lastKnownFileType = file.xib; path = CollectionViewCell.xib; sourceTree = "<group>"; };
/* End PBXFileReference section */

/* Begin PBXFrameworksBuildPhase section */
		DE5778672A7B5A7000D052B5 /* Frameworks */ = {
			isa = PBXFrameworksBuildPhase;
			buildActionMask = 2147483647;
			files = (
			);
			runOnlyForDeploymentPostprocessing = 0;
		};
		DE5778802A7B5A7100D052B5 /* Frameworks */ = {
			isa = PBXFrameworksBuildPhase;
			buildActionMask = 2147483647;
			files = (
			);
			runOnlyForDeploymentPostprocessing = 0;
		};
		DE57788A2A7B5A7100D052B5 /* Frameworks */ = {
			isa = PBXFrameworksBuildPhase;
			buildActionMask = 2147483647;
			files = (
			);
			runOnlyForDeploymentPostprocessing = 0;
		};
/* End PBXFrameworksBuildPhase section */

/* Begin PBXGroup section */
		DE5778612A7B5A7000D052B5 = {
			isa = PBXGroup;
			children = (
				DE57786C2A7B5A7000D052B5 /* TapOnTheNum */,
				DE5778862A7B5A7100D052B5 /* TapOnTheNumTests */,
				DE5778902A7B5A7100D052B5 /* TapOnTheNumUITests */,
				DE57786B2A7B5A7000D052B5 /* Products */,
			);
			sourceTree = "<group>";
		};
		DE57786B2A7B5A7000D052B5 /* Products */ = {
			isa = PBXGroup;
			children = (
				DE57786A2A7B5A7000D052B5 /* TapOnTheNum.app */,
				DE5778832A7B5A7100D052B5 /* TapOnTheNumTests.xctest */,
				DE57788D2A7B5A7100D052B5 /* TapOnTheNumUITests.xctest */,
			);
			name = Products;
			sourceTree = "<group>";
		};
		DE57786C2A7B5A7000D052B5 /* TapOnTheNum */ = {
			isa = PBXGroup;
			children = (
				DE57786D2A7B5A7000D052B5 /* AppDelegate.swift */,
				DE57786F2A7B5A7000D052B5 /* SceneDelegate.swift */,
				DE5778712A7B5A7000D052B5 /* ViewController.swift */,
				DE5778732A7B5A7000D052B5 /* Main.storyboard */,
				DE5778A02A7B5A9100D052B5 /* Cattegary.swift */,
				DE5778A32A7B5A9100D052B5 /* CollectionViewCell.swift */,
				DE5778A62A7B5A9200D052B5 /* CollectionViewCell.xib */,
				DE5778A42A7B5A9100D052B5 /* GamePage.swift */,
				DE5778A12A7B5A9100D052B5 /* Last_Page.swift */,
				DE5778A52A7B5A9100D052B5 /* myCollectionReusableView.swift */,
				DE5778A22A7B5A9100D052B5 /* MyCollectionViewCell.swift */,
				DE5778792A7B5A7100D052B5 /* Assets.xcassets */,
				DE57787B2A7B5A7100D052B5 /* LaunchScreen.storyboard */,
				DE57787E2A7B5A7100D052B5 /* Info.plist */,
				DE5778762A7B5A7000D052B5 /* TapOnTheNum.xcdatamodeld */,
			);
			path = TapOnTheNum;
			sourceTree = "<group>";
		};
		DE5778862A7B5A7100D052B5 /* TapOnTheNumTests */ = {
			isa = PBXGroup;
			children = (
				DE5778872A7B5A7100D052B5 /* TapOnTheNumTests.swift */,
			);
			path = TapOnTheNumTests;
			sourceTree = "<group>";
		};
		DE5778902A7B5A7100D052B5 /* TapOnTheNumUITests */ = {
			isa = PBXGroup;
			children = (
				DE5778912A7B5A7100D052B5 /* TapOnTheNumUITests.swift */,
				DE5778932A7B5A7100D052B5 /* TapOnTheNumUITestsLaunchTests.swift */,
			);
			path = TapOnTheNumUITests;
			sourceTree = "<group>";
		};
/* End PBXGroup section */

/* Begin PBXNativeTarget section */
		DE5778692A7B5A7000D052B5 /* TapOnTheNum */ = {
			isa = PBXNativeTarget;
			buildConfigurationList = DE5778972A7B5A7100D052B5 /* Build configuration list for PBXNativeTarget "TapOnTheNum" */;
			buildPhases = (
				DE5778662A7B5A7000D052B5 /* Sources */,
				DE5778672A7B5A7000D052B5 /* Frameworks */,
				DE5778682A7B5A7000D052B5 /* Resources */,
			);
			buildRules = (
			);
			dependencies = (
			);
			name = TapOnTheNum;
			productName = TapOnTheNum;
			productReference = DE57786A2A7B5A7000D052B5 /* TapOnTheNum.app */;
			productType = "com.apple.product-type.application";
		};
		DE5778822A7B5A7100D052B5 /* TapOnTheNumTests */ = {
			isa = PBXNativeTarget;
			buildConfigurationList = DE57789A2A7B5A7100D052B5 /* Build configuration list for PBXNativeTarget "TapOnTheNumTests" */;
			buildPhases = (
				DE57787F2A7B5A7100D052B5 /* Sources */,
				DE5778802A7B5A7100D052B5 /* Frameworks */,
				DE5778812A7B5A7100D052B5 /* Resources */,
			);
			buildRules = (
			);
			dependencies = (
				DE5778852A7B5A7100D052B5 /* PBXTargetDependency */,
			);
			name = TapOnTheNumTests;
			productName = TapOnTheNumTests;
			productReference = DE5778832A7B5A7100D052B5 /* TapOnTheNumTests.xctest */;
			productType = "com.apple.product-type.bundle.unit-test";
		};
		DE57788C2A7B5A7100D052B5 /* TapOnTheNumUITests */ = {
			isa = PBXNativeTarget;
			buildConfigurationList = DE57789D2A7B5A7100D052B5 /* Build configuration list for PBXNativeTarget "TapOnTheNumUITests" */;
			buildPhases = (
				DE5778892A7B5A7100D052B5 /* Sources */,
				DE57788A2A7B5A7100D052B5 /* Frameworks */,
				DE57788B2A7B5A7100D052B5 /* Resources */,
			);
			buildRules = (
			);
			dependencies = (
				DE57788F2A7B5A7100D052B5 /* PBXTargetDependency */,
			);
			name = TapOnTheNumUITests;
			productName = TapOnTheNumUITests;
			productReference = DE57788D2A7B5A7100D052B5 /* TapOnTheNumUITests.xctest */;
			productType = "com.apple.product-type.bundle.ui-testing";
		};
/* End PBXNativeTarget section */

/* Begin PBXProject section */
		DE5778622A7B5A7000D052B5 /* Project object */ = {
			isa = PBXProject;
			attributes = {
				BuildIndependentTargetsInParallel = 1;
				LastSwiftUpdateCheck = 1430;
				LastUpgradeCheck = 1430;
				TargetAttributes = {
					DE5778692A7B5A7000D052B5 = {
						CreatedOnToolsVersion = 14.3.1;
					};
					DE5778822A7B5A7100D052B5 = {
						CreatedOnToolsVersion = 14.3.1;
						TestTargetID = DE5778692A7B5A7000D052B5;
					};
					DE57788C2A7B5A7100D052B5 = {
						CreatedOnToolsVersion = 14.3.1;
						TestTargetID = DE5778692A7B5A7000D052B5;
					};
				};
			};
			buildConfigurationList = DE5778652A7B5A7000D052B5 /* Build configuration list for PBXProject "TapOnTheNum" */;
			compatibilityVersion = "Xcode 14.0";
			developmentRegion = en;
			hasScannedForEncodings = 0;
			knownRegions = (
				en,
				Base,
			);
			mainGroup = DE5778612A7B5A7000D052B5;
			productRefGroup = DE57786B2A7B5A7000D052B5 /* Products */;
			projectDirPath = "";
			projectRoot = "";
			targets = (
				DE5778692A7B5A7000D052B5 /* TapOnTheNum */,
				DE5778822A7B5A7100D052B5 /* TapOnTheNumTests */,
				DE57788C2A7B5A7100D052B5 /* TapOnTheNumUITests */,
			);
		};
/* End PBXProject section */

/* Begin PBXResourcesBuildPhase section */
		DE5778682A7B5A7000D052B5 /* Resources */ = {
			isa = PBXResourcesBuildPhase;
			buildActionMask = 2147483647;
			files = (
				DE57787D2A7B5A7100D052B5 /* LaunchScreen.storyboard in Resources */,
				DE57787A2A7B5A7100D052B5 /* Assets.xcassets in Resources */,
				DE5778AD2A7B5A9200D052B5 /* CollectionViewCell.xib in Resources */,
				DE5778752A7B5A7000D052B5 /* Main.storyboard in Resources */,
			);
			runOnlyForDeploymentPostprocessing = 0;
		};
		DE5778812A7B5A7100D052B5 /* Resources */ = {
			isa = PBXResourcesBuildPhase;
			buildActionMask = 2147483647;
			files = (
			);
			runOnlyForDeploymentPostprocessing = 0;
		};
		DE57788B2A7B5A7100D052B5 /* Resources */ = {
			isa = PBXResourcesBuildPhase;
			buildActionMask = 2147483647;
			files = (
			);
			runOnlyForDeploymentPostprocessing = 0;
		};
/* End PBXResourcesBuildPhase section */

/* Begin PBXSourcesBuildPhase section */
		DE5778662A7B5A7000D052B5 /* Sources */ = {
			isa = PBXSourcesBuildPhase;
			buildActionMask = 2147483647;
			files = (
				DE5778A82A7B5A9200D052B5 /* Last_Page.swift in Sources */,
				DE5778A92A7B5A9200D052B5 /* MyCollectionViewCell.swift in Sources */,
				DE5778AA2A7B5A9200D052B5 /* CollectionViewCell.swift in Sources */,
				DE5778722A7B5A7000D052B5 /* ViewController.swift in Sources */,
				DE57786E2A7B5A7000D052B5 /* AppDelegate.swift in Sources */,
				DE5778AC2A7B5A9200D052B5 /* myCollectionReusableView.swift in Sources */,
				DE5778AB2A7B5A9200D052B5 /* GamePage.swift in Sources */,
				DE5778A72A7B5A9200D052B5 /* Cattegary.swift in Sources */,
				DE5778702A7B5A7000D052B5 /* SceneDelegate.swift in Sources */,
				DE5778782A7B5A7000D052B5 /* TapOnTheNum.xcdatamodeld in Sources */,
			);
			runOnlyForDeploymentPostprocessing = 0;
		};
		DE57787F2A7B5A7100D052B5 /* Sources */ = {
			isa = PBXSourcesBuildPhase;
			buildActionMask = 2147483647;
			files = (
				DE5778882A7B5A7100D052B5 /* TapOnTheNumTests.swift in Sources */,
			);
			runOnlyForDeploymentPostprocessing = 0;
		};
		DE5778892A7B5A7100D052B5 /* Sources */ = {
			isa = PBXSourcesBuildPhase;
			buildActionMask = 2147483647;
			files = (
				DE5778942A7B5A7100D052B5 /* TapOnTheNumUITestsLaunchTests.swift in Sources */,
				DE5778922A7B5A7100D052B5 /* TapOnTheNumUITests.swift in Sources */,
			);
			runOnlyForDeploymentPostprocessing = 0;
		};
/* End PBXSourcesBuildPhase section */

/* Begin PBXTargetDependency section */
		DE5778852A7B5A7100D052B5 /* PBXTargetDependency */ = {
			isa = PBXTargetDependency;
			target = DE5778692A7B5A7000D052B5 /* TapOnTheNum */;
			targetProxy = DE5778842A7B5A7100D052B5 /* PBXContainerItemProxy */;
		};
		DE57788F2A7B5A7100D052B5 /* PBXTargetDependency */ = {
			isa = PBXTargetDependency;
			target = DE5778692A7B5A7000D052B5 /* TapOnTheNum */;
			targetProxy = DE57788E2A7B5A7100D052B5 /* PBXContainerItemProxy */;
		};
/* End PBXTargetDependency section */

/* Begin PBXVariantGroup section */
		DE5778732A7B5A7000D052B5 /* Main.storyboard */ = {
			isa = PBXVariantGroup;
			children = (
				DE5778742A7B5A7000D052B5 /* Base */,
			);
			name = Main.storyboard;
			sourceTree = "<group>";
		};
		DE57787B2A7B5A7100D052B5 /* LaunchScreen.storyboard */ = {
			isa = PBXVariantGroup;
			children = (
				DE57787C2A7B5A7100D052B5 /* Base */,
			);
			name = LaunchScreen.storyboard;
			sourceTree = "<group>";
		};
/* End PBXVariantGroup section */

/* Begin XCBuildConfiguration section */
		DE5778952A7B5A7100D052B5 /* Debug */ = {
			isa = XCBuildConfiguration;
			buildSettings = {
				ALWAYS_SEARCH_USER_PATHS = NO;
				CLANG_ANALYZER_NONNULL = YES;
				CLANG_ANALYZER_NUMBER_OBJECT_CONVERSION = YES_AGGRESSIVE;
				CLANG_CXX_LANGUAGE_STANDARD = "gnu++20";
				CLANG_ENABLE_MODULES = YES;
				CLANG_ENABLE_OBJC_ARC = YES;
				CLANG_ENABLE_OBJC_WEAK = YES;
				CLANG_WARN_BLOCK_CAPTURE_AUTORELEASING = YES;
				CLANG_WARN_BOOL_CONVERSION = YES;
				CLANG_WARN_COMMA = YES;
				CLANG_WARN_CONSTANT_CONVERSION = YES;
				CLANG_WARN_DEPRECATED_OBJC_IMPLEMENTATIONS = YES;
				CLANG_WARN_DIRECT_OBJC_ISA_USAGE = YES_ERROR;
				CLANG_WARN_DOCUMENTATION_COMMENTS = YES;
				CLANG_WARN_EMPTY_BODY = YES;
				CLANG_WARN_ENUM_CONVERSION = YES;
				CLANG_WARN_INFINITE_RECURSION = YES;
				CLANG_WARN_INT_CONVERSION = YES;
				CLANG_WARN_NON_LITERAL_NULL_CONVERSION = YES;
				CLANG_WARN_OBJC_IMPLICIT_RETAIN_SELF = YES;
				CLANG_WARN_OBJC_LITERAL_CONVERSION = YES;
				CLANG_WARN_OBJC_ROOT_CLASS = YES_ERROR;
				CLANG_WARN_QUOTED_INCLUDE_IN_FRAMEWORK_HEADER = YES;
				CLANG_WARN_RANGE_LOOP_ANALYSIS = YES;
				CLANG_WARN_STRICT_PROTOTYPES = YES;
				CLANG_WARN_SUSPICIOUS_MOVE = YES;
				CLANG_WARN_UNGUARDED_AVAILABILITY = YES_AGGRESSIVE;
				CLANG_WARN_UNREACHABLE_CODE = YES;
				CLANG_WARN__DUPLICATE_METHOD_MATCH = YES;
				COPY_PHASE_STRIP = NO;
				DEBUG_INFORMATION_FORMAT = dwarf;
				ENABLE_STRICT_OBJC_MSGSEND = YES;
				ENABLE_TESTABILITY = YES;
				GCC_C_LANGUAGE_STANDARD = gnu11;
				GCC_DYNAMIC_NO_PIC = NO;
				GCC_NO_COMMON_BLOCKS = YES;
				GCC_OPTIMIZATION_LEVEL = 0;
				GCC_PREPROCESSOR_DEFINITIONS = (
					"DEBUG=1",
					"$(inherited)",
				);
				GCC_WARN_64_TO_32_BIT_CONVERSION = YES;
				GCC_WARN_ABOUT_RETURN_TYPE = YES_ERROR;
				GCC_WARN_UNDECLARED_SELECTOR = YES;
				GCC_WARN_UNINITIALIZED_AUTOS = YES_AGGRESSIVE;
				GCC_WARN_UNUSED_FUNCTION = YES;
				GCC_WARN_UNUSED_VARIABLE = YES;
				IPHONEOS_DEPLOYMENT_TARGET = 16.4;
				MTL_ENABLE_DEBUG_INFO = INCLUDE_SOURCE;
				MTL_FAST_MATH = YES;
				ONLY_ACTIVE_ARCH = YES;
				SDKROOT = iphoneos;
				SWIFT_ACTIVE_COMPILATION_CONDITIONS = DEBUG;
				SWIFT_OPTIMIZATION_LEVEL = "-Onone";
			};
			name = Debug;
		};
		DE5778962A7B5A7100D052B5 /* Release */ = {
			isa = XCBuildConfiguration;
			buildSettings = {
				ALWAYS_SEARCH_USER_PATHS = NO;
				CLANG_ANALYZER_NONNULL = YES;
				CLANG_ANALYZER_NUMBER_OBJECT_CONVERSION = YES_AGGRESSIVE;
				CLANG_CXX_LANGUAGE_STANDARD = "gnu++20";
				CLANG_ENABLE_MODULES = YES;
				CLANG_ENABLE_OBJC_ARC = YES;
				CLANG_ENABLE_OBJC_WEAK = YES;
				CLANG_WARN_BLOCK_CAPTURE_AUTORELEASING = YES;
				CLANG_WARN_BOOL_CONVERSION = YES;
				CLANG_WARN_COMMA = YES;
				CLANG_WARN_CONSTANT_CONVERSION = YES;
				CLANG_WARN_DEPRECATED_OBJC_IMPLEMENTATIONS = YES;
				CLANG_WARN_DIRECT_OBJC_ISA_USAGE = YES_ERROR;
				CLANG_WARN_DOCUMENTATION_COMMENTS = YES;
				CLANG_WARN_EMPTY_BODY = YES;
				CLANG_WARN_ENUM_CONVERSION = YES;
				CLANG_WARN_INFINITE_RECURSION = YES;
				CLANG_WARN_INT_CONVERSION = YES;
				CLANG_WARN_NON_LITERAL_NULL_CONVERSION = YES;
				CLANG_WARN_OBJC_IMPLICIT_RETAIN_SELF = YES;
				CLANG_WARN_OBJC_LITERAL_CONVERSION = YES;
				CLANG_WARN_OBJC_ROOT_CLASS = YES_ERROR;
				CLANG_WARN_QUOTED_INCLUDE_IN_FRAMEWORK_HEADER = YES;
				CLANG_WARN_RANGE_LOOP_ANALYSIS = YES;
				CLANG_WARN_STRICT_PROTOTYPES = YES;
				CLANG_WARN_SUSPICIOUS_MOVE = YES;
				CLANG_WARN_UNGUARDED_AVAILABILITY = YES_AGGRESSIVE;
				CLANG_WARN_UNREACHABLE_CODE = YES;
				CLANG_WARN__DUPLICATE_METHOD_MATCH = YES;
				COPY_PHASE_STRIP = NO;
				DEBUG_INFORMATION_FORMAT = "dwarf-with-dsym";
				ENABLE_NS_ASSERTIONS = NO;
				ENABLE_STRICT_OBJC_MSGSEND = YES;
				GCC_C_LANGUAGE_STANDARD = gnu11;
				GCC_NO_COMMON_BLOCKS = YES;
				GCC_WARN_64_TO_32_BIT_CONVERSION = YES;
				GCC_WARN_ABOUT_RETURN_TYPE = YES_ERROR;
				GCC_WARN_UNDECLARED_SELECTOR = YES;
				GCC_WARN_UNINITIALIZED_AUTOS = YES_AGGRESSIVE;
				GCC_WARN_UNUSED_FUNCTION = YES;
				GCC_WARN_UNUSED_VARIABLE = YES;
				IPHONEOS_DEPLOYMENT_TARGET = 16.4;
				MTL_ENABLE_DEBUG_INFO = NO;
				MTL_FAST_MATH = YES;
				SDKROOT = iphoneos;
				SWIFT_COMPILATION_MODE = wholemodule;
				SWIFT_OPTIMIZATION_LEVEL = "-O";
				VALIDATE_PRODUCT = YES;
			};
			name = Release;
		};
		DE5778982A7B5A7100D052B5 /* Debug */ = {
			isa = XCBuildConfiguration;
			buildSettings = {
				ASSETCATALOG_COMPILER_APPICON_NAME = AppIcon;
				ASSETCATALOG_COMPILER_GLOBAL_ACCENT_COLOR_NAME = AccentColor;
				CODE_SIGN_STYLE = Automatic;
				CURRENT_PROJECT_VERSION = 1;
				GENERATE_INFOPLIST_FILE = YES;
				INFOPLIST_FILE = TapOnTheNum/Info.plist;
				INFOPLIST_KEY_UIApplicationSupportsIndirectInputEvents = YES;
				INFOPLIST_KEY_UILaunchStoryboardName = LaunchScreen;
				INFOPLIST_KEY_UIMainStoryboardFile = Main;
				INFOPLIST_KEY_UISupportedInterfaceOrientations_iPad = "UIInterfaceOrientationPortrait UIInterfaceOrientationPortraitUpsideDown UIInterfaceOrientationLandscapeLeft UIInterfaceOrientationLandscapeRight";
				INFOPLIST_KEY_UISupportedInterfaceOrientations_iPhone = "UIInterfaceOrientationPortrait UIInterfaceOrientationLandscapeLeft UIInterfaceOrientationLandscapeRight";
				LD_RUNPATH_SEARCH_PATHS = (
					"$(inherited)",
					"@executable_path/Frameworks",
				);
				MARKETING_VERSION = 1.0;
				PRODUCT_BUNDLE_IDENTIFIER = rajpanchani.TapOnTheNum;
				PRODUCT_NAME = "$(TARGET_NAME)";
				SWIFT_EMIT_LOC_STRINGS = YES;
				SWIFT_VERSION = 5.0;
				TARGETED_DEVICE_FAMILY = "1,2";
			};
			name = Debug;
		};
		DE5778992A7B5A7100D052B5 /* Release */ = {
			isa = XCBuildConfiguration;
			buildSettings = {
				ASSETCATALOG_COMPILER_APPICON_NAME = AppIcon;
				ASSETCATALOG_COMPILER_GLOBAL_ACCENT_COLOR_NAME = AccentColor;
				CODE_SIGN_STYLE = Automatic;
				CURRENT_PROJECT_VERSION = 1;
				GENERATE_INFOPLIST_FILE = YES;
				INFOPLIST_FILE = TapOnTheNum/Info.plist;
				INFOPLIST_KEY_UIApplicationSupportsIndirectInputEvents = YES;
				INFOPLIST_KEY_UILaunchStoryboardName = LaunchScreen;
				INFOPLIST_KEY_UIMainStoryboardFile = Main;
				INFOPLIST_KEY_UISupportedInterfaceOrientations_iPad = "UIInterfaceOrientationPortrait UIInterfaceOrientationPortraitUpsideDown UIInterfaceOrientationLandscapeLeft UIInterfaceOrientationLandscapeRight";
				INFOPLIST_KEY_UISupportedInterfaceOrientations_iPhone = "UIInterfaceOrientationPortrait UIInterfaceOrientationLandscapeLeft UIInterfaceOrientationLandscapeRight";
				LD_RUNPATH_SEARCH_PATHS = (
					"$(inherited)",
					"@executable_path/Frameworks",
				);
				MARKETING_VERSION = 1.0;
				PRODUCT_BUNDLE_IDENTIFIER = rajpanchani.TapOnTheNum;
				PRODUCT_NAME = "$(TARGET_NAME)";
				SWIFT_EMIT_LOC_STRINGS = YES;
				SWIFT_VERSION = 5.0;
				TARGETED_DEVICE_FAMILY = "1,2";
			};
			name = Release;
		};
		DE57789B2A7B5A7100D052B5 /* Debug */ = {
			isa = XCBuildConfiguration;
			buildSettings = {
				ALWAYS_EMBED_SWIFT_STANDARD_LIBRARIES = YES;
				BUNDLE_LOADER = "$(TEST_HOST)";
				CODE_SIGN_STYLE = Automatic;
				CURRENT_PROJECT_VERSION = 1;
				GENERATE_INFOPLIST_FILE = YES;
				IPHONEOS_DEPLOYMENT_TARGET = 16.4;
				MARKETING_VERSION = 1.0;
				PRODUCT_BUNDLE_IDENTIFIER = rajpanchani.TapOnTheNumTests;
				PRODUCT_NAME = "$(TARGET_NAME)";
				SWIFT_EMIT_LOC_STRINGS = NO;
				SWIFT_VERSION = 5.0;
				TARGETED_DEVICE_FAMILY = "1,2";
				TEST_HOST = "$(BUILT_PRODUCTS_DIR)/TapOnTheNum.app/$(BUNDLE_EXECUTABLE_FOLDER_PATH)/TapOnTheNum";
			};
			name = Debug;
		};
		DE57789C2A7B5A7100D052B5 /* Release */ = {
			isa = XCBuildConfiguration;
			buildSettings = {
				ALWAYS_EMBED_SWIFT_STANDARD_LIBRARIES = YES;
				BUNDLE_LOADER = "$(TEST_HOST)";
				CODE_SIGN_STYLE = Automatic;
				CURRENT_PROJECT_VERSION = 1;
				GENERATE_INFOPLIST_FILE = YES;
				IPHONEOS_DEPLOYMENT_TARGET = 16.4;
				MARKETING_VERSION = 1.0;
				PRODUCT_BUNDLE_IDENTIFIER = rajpanchani.TapOnTheNumTests;
				PRODUCT_NAME = "$(TARGET_NAME)";
				SWIFT_EMIT_LOC_STRINGS = NO;
				SWIFT_VERSION = 5.0;
				TARGETED_DEVICE_FAMILY = "1,2";
				TEST_HOST = "$(BUILT_PRODUCTS_DIR)/TapOnTheNum.app/$(BUNDLE_EXECUTABLE_FOLDER_PATH)/TapOnTheNum";
			};
			name = Release;
		};
		DE57789E2A7B5A7100D052B5 /* Debug */ = {
			isa = XCBuildConfiguration;
			buildSettings = {
				ALWAYS_EMBED_SWIFT_STANDARD_LIBRARIES = YES;
				CODE_SIGN_STYLE = Automatic;
				CURRENT_PROJECT_VERSION = 1;
				GENERATE_INFOPLIST_FILE = YES;
				MARKETING_VERSION = 1.0;
				PRODUCT_BUNDLE_IDENTIFIER = rajpanchani.TapOnTheNumUITests;
				PRODUCT_NAME = "$(TARGET_NAME)";
				SWIFT_EMIT_LOC_STRINGS = NO;
				SWIFT_VERSION = 5.0;
				TARGETED_DEVICE_FAMILY = "1,2";
				TEST_TARGET_NAME = TapOnTheNum;
			};
			name = Debug;
		};
		DE57789F2A7B5A7100D052B5 /* Release */ = {
			isa = XCBuildConfiguration;
			buildSettings = {
				ALWAYS_EMBED_SWIFT_STANDARD_LIBRARIES = YES;
				CODE_SIGN_STYLE = Automatic;
				CURRENT_PROJECT_VERSION = 1;
				GENERATE_INFOPLIST_FILE = YES;
				MARKETING_VERSION = 1.0;
				PRODUCT_BUNDLE_IDENTIFIER = rajpanchani.TapOnTheNumUITests;
				PRODUCT_NAME = "$(TARGET_NAME)";
				SWIFT_EMIT_LOC_STRINGS = NO;
				SWIFT_VERSION = 5.0;
				TARGETED_DEVICE_FAMILY = "1,2";
				TEST_TARGET_NAME = TapOnTheNum;
			};
			name = Release;
		};
/* End XCBuildConfiguration section */

/* Begin XCConfigurationList section */
		DE5778652A7B5A7000D052B5 /* Build configuration list for PBXProject "TapOnTheNum" */ = {
			isa = XCConfigurationList;
			buildConfigurations = (
				DE5778952A7B5A7100D052B5 /* Debug */,
				DE5778962A7B5A7100D052B5 /* Release */,
			);
			defaultConfigurationIsVisible = 0;
			defaultConfigurationName = Release;
		};
		DE5778972A7B5A7100D052B5 /* Build configuration list for PBXNativeTarget "TapOnTheNum" */ = {
			isa = XCConfigurationList;
			buildConfigurations = (
				DE5778982A7B5A7100D052B5 /* Debug */,
				DE5778992A7B5A7100D052B5 /* Release */,
			);
			defaultConfigurationIsVisible = 0;
			defaultConfigurationName = Release;
		};
		DE57789A2A7B5A7100D052B5 /* Build configuration list for PBXNativeTarget "TapOnTheNumTests" */ = {
			isa = XCConfigurationList;
			buildConfigurations = (
				DE57789B2A7B5A7100D052B5 /* Debug */,
				DE57789C2A7B5A7100D052B5 /* Release */,
			);
			defaultConfigurationIsVisible = 0;
			defaultConfigurationName = Release;
		};
		DE57789D2A7B5A7100D052B5 /* Build configuration list for PBXNativeTarget "TapOnTheNumUITests" */ = {
			isa = XCConfigurationList;
			buildConfigurations = (
				DE57789E2A7B5A7100D052B5 /* Debug */,
				DE57789F2A7B5A7100D052B5 /* Release */,
			);
			defaultConfigurationIsVisible = 0;
			defaultConfigurationName = Release;
		};
/* End XCConfigurationList section */

/* Begin XCVersionGroup section */
		DE5778762A7B5A7000D052B5 /* TapOnTheNum.xcdatamodeld */ = {
			isa = XCVersionGroup;
			children = (
				DE5778772A7B5A7000D052B5 /* TapOnTheNum.xcdatamodel */,
			);
			currentVersion = DE5778772A7B5A7000D052B5 /* TapOnTheNum.xcdatamodel */;
			path = TapOnTheNum.xcdatamodeld;
			sourceTree = "<group>";
			versionGroupType = wrapper.xcdatamodel;
		};
/* End XCVersionGroup section */
	};
	rootObject = DE5778622A7B5A7000D052B5 /* Project object */;
}
